// !$*UTF8*$!
{
	archiveVersion = 1;
	classes = {
	};
	objectVersion = 50;
	objects = {

/* Begin PBXBuildFile section */
		29FD172C243CD3E800CE7292 /* AppDelegate.swift in Sources */ = {isa = PBXBuildFile; fileRef = 29FD172B243CD3E800CE7292 /* AppDelegate.swift */; };
		29FD172E243CD3E800CE7292 /* SceneDelegate.swift in Sources */ = {isa = PBXBuildFile; fileRef = 29FD172D243CD3E800CE7292 /* SceneDelegate.swift */; };
		29FD1730243CD3E800CE7292 /* ViewController.swift in Sources */ = {isa = PBXBuildFile; fileRef = 29FD172F243CD3E800CE7292 /* ViewController.swift */; };
		29FD1733243CD3E900CE7292 /* Main.storyboard in Resources */ = {isa = PBXBuildFile; fileRef = 29FD1731243CD3E900CE7292 /* Main.storyboard */; };
		29FD1735243CD3E900CE7292 /* Assets.xcassets in Resources */ = {isa = PBXBuildFile; fileRef = 29FD1734243CD3E900CE7292 /* Assets.xcassets */; };
		29FD1738243CD3E900CE7292 /* LaunchScreen.storyboard in Resources */ = {isa = PBXBuildFile; fileRef = 29FD1736243CD3E900CE7292 /* LaunchScreen.storyboard */; };
		29FD1743243CD3E900CE7292 /* teamsearchappTests.swift in Sources */ = {isa = PBXBuildFile; fileRef = 29FD1742243CD3E900CE7292 /* teamsearchappTests.swift */; };
/* End PBXBuildFile section */

/* Begin PBXContainerItemProxy section */
		29FD173F243CD3E900CE7292 /* PBXContainerItemProxy */ = {
			isa = PBXContainerItemProxy;
			containerPortal = 29FD1720243CD3E800CE7292 /* Project object */;
			proxyType = 1;
			remoteGlobalIDString = 29FD1727243CD3E800CE7292;
			remoteInfo = teamsearchapp;
		};
/* End PBXContainerItemProxy section */

/* Begin PBXFileReference section */
		29FD1728243CD3E800CE7292 /* teamsearchapp.app */ = {isa = PBXFileReference; explicitFileType = wrapper.application; includeInIndex = 0; path = teamsearchapp.app; sourceTree = BUILT_PRODUCTS_DIR; };
		29FD172B243CD3E800CE7292 /* AppDelegate.swift */ = {isa = PBXFileReference; lastKnownFileType = sourcecode.swift; path = AppDelegate.swift; sourceTree = "<group>"; };
		29FD172D243CD3E800CE7292 /* SceneDelegate.swift */ = {isa = PBXFileReference; lastKnownFileType = sourcecode.swift; path = SceneDelegate.swift; sourceTree = "<group>"; };
		29FD172F243CD3E800CE7292 /* ViewController.swift */ = {isa = PBXFileReference; lastKnownFileType = sourcecode.swift; path = ViewController.swift; sourceTree = "<group>"; };
		29FD1732243CD3E900CE7292 /* Base */ = {isa = PBXFileReference; lastKnownFileType = file.storyboard; name = Base; path = Base.lproj/Main.storyboard; sourceTree = "<group>"; };
		29FD1734243CD3E900CE7292 /* Assets.xcassets */ = {isa = PBXFileReference; lastKnownFileType = folder.assetcatalog; path = Assets.xcassets; sourceTree = "<group>"; };
		29FD1737243CD3E900CE7292 /* Base */ = {isa = PBXFileReference; lastKnownFileType = file.storyboard; name = Base; path = Base.lproj/LaunchScreen.storyboard; sourceTree = "<group>"; };
		29FD1739243CD3E900CE7292 /* Info.plist */ = {isa = PBXFileReference; lastKnownFileType = text.plist.xml; path = Info.plist; sourceTree = "<group>"; };
		29FD173E243CD3E900CE7292 /* teamsearchappTests.xctest */ = {isa = PBXFileReference; explicitFileType = wrapper.cfbundle; includeInIndex = 0; path = teamsearchappTests.xctest; sourceTree = BUILT_PRODUCTS_DIR; };
		29FD1742243CD3E900CE7292 /* teamsearchappTests.swift */ = {isa = PBXFileReference; lastKnownFileType = sourcecode.swift; path = teamsearchappTests.swift; sourceTree = "<group>"; };
		29FD1744243CD3E900CE7292 /* Info.plist */ = {isa = PBXFileReference; lastKnownFileType = text.plist.xml; path = Info.plist; sourceTree = "<group>"; };
/* End PBXFileReference section */

/* Begin PBXFrameworksBuildPhase section */
		29FD1725243CD3E800CE7292 /* Frameworks */ = {
			isa = PBXFrameworksBuildPhase;
			buildActionMask = 2147483647;
			files = (
			);
			runOnlyForDeploymentPostprocessing = 0;
		};
		29FD173B243CD3E900CE7292 /* Frameworks */ = {
			isa = PBXFrameworksBuildPhase;
			buildActionMask = 2147483647;
			files = (
			);
			runOnlyForDeploymentPostprocessing = 0;
		};
/* End PBXFrameworksBuildPhase section */

/* Begin PBXGroup section */
		29FD171F243CD3E800CE7292 = {
			isa = PBXGroup;
			children = (
				29FD172A243CD3E800CE7292 /* teamsearchapp */,
				29FD1741243CD3E900CE7292 /* teamsearchappTests */,
				29FD1729243CD3E800CE7292 /* Products */,
			);
			sourceTree = "<group>";
		};
		29FD1729243CD3E800CE7292 /* Products */ = {
			isa = PBXGroup;
			children = (
				29FD1728243CD3E800CE7292 /* teamsearchapp.app */,
				29FD173E243CD3E900CE7292 /* teamsearchappTests.xctest */,
			);
			name = Products;
			sourceTree = "<group>";
		};
		29FD172A243CD3E800CE7292 /* teamsearchapp */ = {
			isa = PBXGroup;
			children = (
				29FD172B243CD3E800CE7292 /* AppDelegate.swift */,
				29FD172D243CD3E800CE7292 /* SceneDelegate.swift */,
				29FD172F243CD3E800CE7292 /* ViewController.swift */,
				29FD1731243CD3E900CE7292 /* Main.storyboard */,
				29FD1734243CD3E900CE7292 /* Assets.xcassets */,
				29FD1736243CD3E900CE7292 /* LaunchScreen.storyboard */,
				29FD1739243CD3E900CE7292 /* Info.plist */,
			);
			path = teamsearchapp;
			sourceTree = "<group>";
		};
		29FD1741243CD3E900CE7292 /* teamsearchappTests */ = {
			isa = PBXGroup;
			children = (
				29FD1742243CD3E900CE7292 /* teamsearchappTests.swift */,
				29FD1744243CD3E900CE7292 /* Info.plist */,
			);
			path = teamsearchappTests;
			sourceTree = "<group>";
		};
/* End PBXGroup section */

/* Begin PBXNativeTarget section */
		29FD1727243CD3E800CE7292 /* teamsearchapp */ = {
			isa = PBXNativeTarget;
			buildConfigurationList = 29FD1747243CD3E900CE7292 /* Build configuration list for PBXNativeTarget "teamsearchapp" */;
			buildPhases = (
				29FD1724243CD3E800CE7292 /* Sources */,
				29FD1725243CD3E800CE7292 /* Frameworks */,
				29FD1726243CD3E800CE7292 /* Resources */,
			);
			buildRules = (
			);
			dependencies = (
			);
			name = teamsearchapp;
			productName = teamsearchapp;
			productReference = 29FD1728243CD3E800CE7292 /* teamsearchapp.app */;
			productType = "com.apple.product-type.application";
		};
		29FD173D243CD3E900CE7292 /* teamsearchappTests */ = {
			isa = PBXNativeTarget;
			buildConfigurationList = 29FD174A243CD3E900CE7292 /* Build configuration list for PBXNativeTarget "teamsearchappTests" */;
			buildPhases = (
				29FD173A243CD3E900CE7292 /* Sources */,
				29FD173B243CD3E900CE7292 /* Frameworks */,
				29FD173C243CD3E900CE7292 /* Resources */,
			);
			buildRules = (
			);
			dependencies = (
				29FD1740243CD3E900CE7292 /* PBXTargetDependency */,
			);
			name = teamsearchappTests;
			productName = teamsearchappTests;
			productReference = 29FD173E243CD3E900CE7292 /* teamsearchappTests.xctest */;
			productType = "com.apple.product-type.bundle.unit-test";
		};
/* End PBXNativeTarget section */

/* Begin PBXProject section */
		29FD1720243CD3E800CE7292 /* Project object */ = {
			isa = PBXProject;
			attributes = {
				LastSwiftUpdateCheck = 1130;
				LastUpgradeCheck = 1130;
				ORGANIZATIONNAME = "Gonzalo Lema";
				TargetAttributes = {
					29FD1727243CD3E800CE7292 = {
						CreatedOnToolsVersion = 11.3.1;
					};
					29FD173D243CD3E900CE7292 = {
						CreatedOnToolsVersion = 11.3.1;
						TestTargetID = 29FD1727243CD3E800CE7292;
					};
				};
			};
			buildConfigurationList = 29FD1723243CD3E800CE7292 /* Build configuration list for PBXProject "teamsearchapp" */;
			compatibilityVersion = "Xcode 9.3";
			developmentRegion = en;
			hasScannedForEncodings = 0;
			knownRegions = (
				en,
				Base,
			);
			mainGroup = 29FD171F243CD3E800CE7292;
			productRefGroup = 29FD1729243CD3E800CE7292 /* Products */;
			projectDirPath = "";
			projectRoot = "";
			targets = (
				29FD1727243CD3E800CE7292 /* teamsearchapp */,
				29FD173D243CD3E900CE7292 /* teamsearchappTests */,
			);
		};
/* End PBXProject section */

/* Begin PBXResourcesBuildPhase section */
		29FD1726243CD3E800CE7292 /* Resources */ = {
			isa = PBXResourcesBuildPhase;
			buildActionMask = 2147483647;
			files = (
				29FD1738243CD3E900CE7292 /* LaunchScreen.storyboard in Resources */,
				29FD1735243CD3E900CE7292 /* Assets.xcassets in Resources */,
				29FD1733243CD3E900CE7292 /* Main.storyboard in Resources */,
			);
			runOnlyForDeploymentPostprocessing = 0;
		};
		29FD173C243CD3E900CE7292 /* Resources */ = {
			isa = PBXResourcesBuildPhase;
			buildActionMask = 2147483647;
			files = (
			);
			runOnlyForDeploymentPostprocessing = 0;
		};
/* End PBXResourcesBuildPhase section */

/* Begin PBXSourcesBuildPhase section */
		29FD1724243CD3E800CE7292 /* Sources */ = {
			isa = PBXSourcesBuildPhase;
			buildActionMask = 2147483647;
			files = (
				29FD1730243CD3E800CE7292 /* ViewController.swift in Sources */,
				29FD172C243CD3E800CE7292 /* AppDelegate.swift in Sources */,
				29FD172E243CD3E800CE7292 /* SceneDelegate.swift in Sources */,
			);
			runOnlyForDeploymentPostprocessing = 0;
		};
		29FD173A243CD3E900CE7292 /* Sources */ = {
			isa = PBXSourcesBuildPhase;
			buildActionMask = 2147483647;
			files = (
				29FD1743243CD3E900CE7292 /* teamsearchappTests.swift in Sources */,
			);
			runOnlyForDeploymentPostprocessing = 0;
		};
/* End PBXSourcesBuildPhase section */

/* Begin PBXTargetDependency section */
		29FD1740243CD3E900CE7292 /* PBXTargetDependency */ = {
			isa = PBXTargetDependency;
			target = 29FD1727243CD3E800CE7292 /* teamsearchapp */;
			targetProxy = 29FD173F243CD3E900CE7292 /* PBXContainerItemProxy */;
		};
/* End PBXTargetDependency section */

/* Begin PBXVariantGroup section */
		29FD1731243CD3E900CE7292 /* Main.storyboard */ = {
			isa = PBXVariantGroup;
			children = (
				29FD1732243CD3E900CE7292 /* Base */,
			);
			name = Main.storyboard;
			sourceTree = "<group>";
		};
		29FD1736243CD3E900CE7292 /* LaunchScreen.storyboard */ = {
			isa = PBXVariantGroup;
			children = (
				29FD1737243CD3E900CE7292 /* Base */,
			);
			name = LaunchScreen.storyboard;
			sourceTree = "<group>";
		};
/* End PBXVariantGroup section */

/* Begin XCBuildConfiguration section */
		29FD1745243CD3E900CE7292 /* Debug */ = {
			isa = XCBuildConfiguration;
			buildSettings = {
				ALWAYS_SEARCH_USER_PATHS = NO;
				CLANG_ANALYZER_NONNULL = YES;
				CLANG_ANALYZER_NUMBER_OBJECT_CONVERSION = YES_AGGRESSIVE;
				CLANG_CXX_LANGUAGE_STANDARD = "gnu++14";
				CLANG_CXX_LIBRARY = "libc++";
				CLANG_ENABLE_MODULES = YES;
				CLANG_ENABLE_OBJC_ARC = YES;
				CLANG_ENABLE_OBJC_WEAK = YES;
				CLANG_WARN_BLOCK_CAPTURE_AUTORELEASING = YES;
				CLANG_WARN_BOOL_CONVERSION = YES;
				CLANG_WARN_COMMA = YES;
				CLANG_WARN_CONSTANT_CONVERSION = YES;
				CLANG_WARN_DEPRECATED_OBJC_IMPLEMENTATIONS = YES;
				CLANG_WARN_DIRECT_OBJC_ISA_USAGE = YES_ERROR;
				CLANG_WARN_DOCUMENTATION_COMMENTS = YES;
				CLANG_WARN_EMPTY_BODY = YES;
				CLANG_WARN_ENUM_CONVERSION = YES;
				CLANG_WARN_INFINITE_RECURSION = YES;
				CLANG_WARN_INT_CONVERSION = YES;
				CLANG_WARN_NON_LITERAL_NULL_CONVERSION = YES;
				CLANG_WARN_OBJC_IMPLICIT_RETAIN_SELF = YES;
				CLANG_WARN_OBJC_LITERAL_CONVERSION = YES;
				CLANG_WARN_OBJC_ROOT_CLASS = YES_ERROR;
				CLANG_WARN_RANGE_LOOP_ANALYSIS = YES;
				CLANG_WARN_STRICT_PROTOTYPES = YES;
				CLANG_WARN_SUSPICIOUS_MOVE = YES;
				CLANG_WARN_UNGUARDED_AVAILABILITY = YES_AGGRESSIVE;
				CLANG_WARN_UNREACHABLE_CODE = YES;
				CLANG_WARN__DUPLICATE_METHOD_MATCH = YES;
				COPY_PHASE_STRIP = NO;
				DEBUG_INFORMATION_FORMAT = dwarf;
				ENABLE_STRICT_OBJC_MSGSEND = YES;
				ENABLE_TESTABILITY = YES;
				GCC_C_LANGUAGE_STANDARD = gnu11;
				GCC_DYNAMIC_NO_PIC = NO;
				GCC_NO_COMMON_BLOCKS = YES;
				GCC_OPTIMIZATION_LEVEL = 0;
				GCC_PREPROCESSOR_DEFINITIONS = (
					"DEBUG=1",
					"$(inherited)",
				);
				GCC_WARN_64_TO_32_BIT_CONVERSION = YES;
				GCC_WARN_ABOUT_RETURN_TYPE = YES_ERROR;
				GCC_WARN_UNDECLARED_SELECTOR = YES;
				GCC_WARN_UNINITIALIZED_AUTOS = YES_AGGRESSIVE;
				GCC_WARN_UNUSED_FUNCTION = YES;
				GCC_WARN_UNUSED_VARIABLE = YES;
				IPHONEOS_DEPLOYMENT_TARGET = 13.2;
				MTL_ENABLE_DEBUG_INFO = INCLUDE_SOURCE;
				MTL_FAST_MATH = YES;
				ONLY_ACTIVE_ARCH = YES;
				SDKROOT = iphoneos;
				SWIFT_ACTIVE_COMPILATION_CONDITIONS = DEBUG;
				SWIFT_OPTIMIZATION_LEVEL = "-Onone";
			};
			name = Debug;
		};
		29FD1746243CD3E900CE7292 /* Release */ = {
			isa = XCBuildConfiguration;
			buildSettings = {
				ALWAYS_SEARCH_USER_PATHS = NO;
				CLANG_ANALYZER_NONNULL = YES;
				CLANG_ANALYZER_NUMBER_OBJECT_CONVERSION = YES_AGGRESSIVE;
				CLANG_CXX_LANGUAGE_STANDARD = "gnu++14";
				CLANG_CXX_LIBRARY = "libc++";
				CLANG_ENABLE_MODULES = YES;
				CLANG_ENABLE_OBJC_ARC = YES;
				CLANG_ENABLE_OBJC_WEAK = YES;
				CLANG_WARN_BLOCK_CAPTURE_AUTORELEASING = YES;
				CLANG_WARN_BOOL_CONVERSION = YES;
				CLANG_WARN_COMMA = YES;
				CLANG_WARN_CONSTANT_CONVERSION = YES;
				CLANG_WARN_DEPRECATED_OBJC_IMPLEMENTATIONS = YES;
				CLANG_WARN_DIRECT_OBJC_ISA_USAGE = YES_ERROR;
				CLANG_WARN_DOCUMENTATION_COMMENTS = YES;
				CLANG_WARN_EMPTY_BODY = YES;
				CLANG_WARN_ENUM_CONVERSION = YES;
				CLANG_WARN_INFINITE_RECURSION = YES;
				CLANG_WARN_INT_CONVERSION = YES;
				CLANG_WARN_NON_LITERAL_NULL_CONVERSION = YES;
				CLANG_WARN_OBJC_IMPLICIT_RETAIN_SELF = YES;
				CLANG_WARN_OBJC_LITERAL_CONVERSION = YES;
				CLANG_WARN_OBJC_ROOT_CLASS = YES_ERROR;
				CLANG_WARN_RANGE_LOOP_ANALYSIS = YES;
				CLANG_WARN_STRICT_PROTOTYPES = YES;
				CLANG_WARN_SUSPICIOUS_MOVE = YES;
				CLANG_WARN_UNGUARDED_AVAILABILITY = YES_AGGRESSIVE;
				CLANG_WARN_UNREACHABLE_CODE = YES;
				CLANG_WARN__DUPLICATE_METHOD_MATCH = YES;
				COPY_PHASE_STRIP = NO;
				DEBUG_INFORMATION_FORMAT = "dwarf-with-dsym";
				ENABLE_NS_ASSERTIONS = NO;
				ENABLE_STRICT_OBJC_MSGSEND = YES;
				GCC_C_LANGUAGE_STANDARD = gnu11;
				GCC_NO_COMMON_BLOCKS = YES;
				GCC_WARN_64_TO_32_BIT_CONVERSION = YES;
				GCC_WARN_ABOUT_RETURN_TYPE = YES_ERROR;
				GCC_WARN_UNDECLARED_SELECTOR = YES;
				GCC_WARN_UNINITIALIZED_AUTOS = YES_AGGRESSIVE;
				GCC_WARN_UNUSED_FUNCTION = YES;
				GCC_WARN_UNUSED_VARIABLE = YES;
				IPHONEOS_DEPLOYMENT_TARGET = 13.2;
				MTL_ENABLE_DEBUG_INFO = NO;
				MTL_FAST_MATH = YES;
				SDKROOT = iphoneos;
				SWIFT_COMPILATION_MODE = wholemodule;
				SWIFT_OPTIMIZATION_LEVEL = "-O";
				VALIDATE_PRODUCT = YES;
			};
			name = Release;
		};
		29FD1748243CD3E900CE7292 /* Debug */ = {
			isa = XCBuildConfiguration;
			buildSettings = {
				ASSETCATALOG_COMPILER_APPICON_NAME = AppIcon;
				CODE_SIGN_STYLE = Automatic;
				INFOPLIST_FILE = teamsearchapp/Info.plist;
				LD_RUNPATH_SEARCH_PATHS = (
					"$(inherited)",
					"@executable_path/Frameworks",
				);
				PRODUCT_BUNDLE_IDENTIFIER = com.mercadolibre.teamsearchapp;
				PRODUCT_NAME = "$(TARGET_NAME)";
				SWIFT_VERSION = 5.0;
				TARGETED_DEVICE_FAMILY = "1,2";
			};
			name = Debug;
		};
		29FD1749243CD3E900CE7292 /* Release */ = {
			isa = XCBuildConfiguration;
			buildSettings = {
				ASSETCATALOG_COMPILER_APPICON_NAME = AppIcon;
				CODE_SIGN_STYLE = Automatic;
				INFOPLIST_FILE = teamsearchapp/Info.plist;
				LD_RUNPATH_SEARCH_PATHS = (
					"$(inherited)",
					"@executable_path/Frameworks",
				);
				PRODUCT_BUNDLE_IDENTIFIER = com.mercadolibre.teamsearchapp;
				PRODUCT_NAME = "$(TARGET_NAME)";
				SWIFT_VERSION = 5.0;
				TARGETED_DEVICE_FAMILY = "1,2";
			};
			name = Release;
		};
		29FD174B243CD3E900CE7292 /* Debug */ = {
			isa = XCBuildConfiguration;
			buildSettings = {
				ALWAYS_EMBED_SWIFT_STANDARD_LIBRARIES = YES;
				BUNDLE_LOADER = "$(TEST_HOST)";
				CODE_SIGN_STYLE = Automatic;
				INFOPLIST_FILE = teamsearchappTests/Info.plist;
				IPHONEOS_DEPLOYMENT_TARGET = 13.2;
				LD_RUNPATH_SEARCH_PATHS = (
					"$(inherited)",
					"@executable_path/Frameworks",
					"@loader_path/Frameworks",
				);
				PRODUCT_BUNDLE_IDENTIFIER = com.mercadolibre.teamsearchappTests;
				PRODUCT_NAME = "$(TARGET_NAME)";
				SWIFT_VERSION = 5.0;
				TARGETED_DEVICE_FAMILY = "1,2";
				TEST_HOST = "$(BUILT_PRODUCTS_DIR)/teamsearchapp.app/teamsearchapp";
			};
			name = Debug;
		};
		29FD174C243CD3E900CE7292 /* Release */ = {
			isa = XCBuildConfiguration;
			buildSettings = {
				ALWAYS_EMBED_SWIFT_STANDARD_LIBRARIES = YES;
				BUNDLE_LOADER = "$(TEST_HOST)";
				CODE_SIGN_STYLE = Automatic;
				INFOPLIST_FILE = teamsearchappTests/Info.plist;
				IPHONEOS_DEPLOYMENT_TARGET = 13.2;
				LD_RUNPATH_SEARCH_PATHS = (
					"$(inherited)",
					"@executable_path/Frameworks",
					"@loader_path/Frameworks",
				);
				PRODUCT_BUNDLE_IDENTIFIER = com.mercadolibre.teamsearchappTests;
				PRODUCT_NAME = "$(TARGET_NAME)";
				SWIFT_VERSION = 5.0;
				TARGETED_DEVICE_FAMILY = "1,2";
				TEST_HOST = "$(BUILT_PRODUCTS_DIR)/teamsearchapp.app/teamsearchapp";
			};
			name = Release;
		};
/* End XCBuildConfiguration section */

/* Begin XCConfigurationList section */
		29FD1723243CD3E800CE7292 /* Build configuration list for PBXProject "teamsearchapp" */ = {
			isa = XCConfigurationList;
			buildConfigurations = (
				29FD1745243CD3E900CE7292 /* Debug */,
				29FD1746243CD3E900CE7292 /* Release */,
			);
			defaultConfigurationIsVisible = 0;
			defaultConfigurationName = Release;
		};
		29FD1747243CD3E900CE7292 /* Build configuration list for PBXNativeTarget "teamsearchapp" */ = {
			isa = XCConfigurationList;
			buildConfigurations = (
				29FD1748243CD3E900CE7292 /* Debug */,
				29FD1749243CD3E900CE7292 /* Release */,
			);
			defaultConfigurationIsVisible = 0;
			defaultConfigurationName = Release;
		};
		29FD174A243CD3E900CE7292 /* Build configuration list for PBXNativeTarget "teamsearchappTests" */ = {
			isa = XCConfigurationList;
			buildConfigurations = (
				29FD174B243CD3E900CE7292 /* Debug */,
				29FD174C243CD3E900CE7292 /* Release */,
			);
			defaultConfigurationIsVisible = 0;
			defaultConfigurationName = Release;
		};
/* End XCConfigurationList section */
	};
	rootObject = 29FD1720243CD3E800CE7292 /* Project object */;
}
